// !$*UTF8*$!
{
	archiveVersion = 1;
	classes = {
	};
	objectVersion = 46;
	objects = {

/* Begin PBXBuildFile section */
		52024A5B18FF8C3400CE2B39 /* BNRItemCell.m in Sources */ = {isa = PBXBuildFile; fileRef = 52024A5A18FF8C3400CE2B39 /* BNRItemCell.m */; };
		52024A5D18FF8CAD00CE2B39 /* BNRItemCell.xib in Resources */ = {isa = PBXBuildFile; fileRef = 52024A5C18FF8CAD00CE2B39 /* BNRItemCell.xib */; };
		52DC8C2818F7660300C28E54 /* BNRDetailViewController.m in Sources */ = {isa = PBXBuildFile; fileRef = 52DC8C2618F7660300C28E54 /* BNRDetailViewController.m */; };
		52DC8C2918F7660300C28E54 /* BNRDetailViewController.xib in Resources */ = {isa = PBXBuildFile; fileRef = 52DC8C2718F7660300C28E54 /* BNRDetailViewController.xib */; };
		52F5FE8D18F86F4600571BF2 /* BNRImageStore.m in Sources */ = {isa = PBXBuildFile; fileRef = 52F5FE8C18F86F4600571BF2 /* BNRImageStore.m */; };
		52F8F37118F5D61500BC7930 /* Foundation.framework in Frameworks */ = {isa = PBXBuildFile; fileRef = 52F8F37018F5D61500BC7930 /* Foundation.framework */; };
		52F8F37318F5D61500BC7930 /* CoreGraphics.framework in Frameworks */ = {isa = PBXBuildFile; fileRef = 52F8F37218F5D61500BC7930 /* CoreGraphics.framework */; };
		52F8F37518F5D61500BC7930 /* UIKit.framework in Frameworks */ = {isa = PBXBuildFile; fileRef = 52F8F37418F5D61500BC7930 /* UIKit.framework */; };
		52F8F37B18F5D61500BC7930 /* InfoPlist.strings in Resources */ = {isa = PBXBuildFile; fileRef = 52F8F37918F5D61500BC7930 /* InfoPlist.strings */; };
		52F8F37D18F5D61500BC7930 /* main.m in Sources */ = {isa = PBXBuildFile; fileRef = 52F8F37C18F5D61500BC7930 /* main.m */; };
		52F8F38118F5D61500BC7930 /* BNRAppDelegate.m in Sources */ = {isa = PBXBuildFile; fileRef = 52F8F38018F5D61500BC7930 /* BNRAppDelegate.m */; };
		52F8F38318F5D61500BC7930 /* Images.xcassets in Resources */ = {isa = PBXBuildFile; fileRef = 52F8F38218F5D61500BC7930 /* Images.xcassets */; };
		52F8F38A18F5D61500BC7930 /* XCTest.framework in Frameworks */ = {isa = PBXBuildFile; fileRef = 52F8F38918F5D61500BC7930 /* XCTest.framework */; };
		52F8F38B18F5D61500BC7930 /* Foundation.framework in Frameworks */ = {isa = PBXBuildFile; fileRef = 52F8F37018F5D61500BC7930 /* Foundation.framework */; };
		52F8F38C18F5D61500BC7930 /* UIKit.framework in Frameworks */ = {isa = PBXBuildFile; fileRef = 52F8F37418F5D61500BC7930 /* UIKit.framework */; };
		52F8F39418F5D61500BC7930 /* InfoPlist.strings in Resources */ = {isa = PBXBuildFile; fileRef = 52F8F39218F5D61500BC7930 /* InfoPlist.strings */; };
		52F8F39618F5D61500BC7930 /* HomepwnerTests.m in Sources */ = {isa = PBXBuildFile; fileRef = 52F8F39518F5D61500BC7930 /* HomepwnerTests.m */; };
		52F8F3A118F5D8EE00BC7930 /* BNRItemsViewController.m in Sources */ = {isa = PBXBuildFile; fileRef = 52F8F3A018F5D8EE00BC7930 /* BNRItemsViewController.m */; };
		52F8F3A418F5DB4500BC7930 /* BNRItem.m in Sources */ = {isa = PBXBuildFile; fileRef = 52F8F3A318F5DB4500BC7930 /* BNRItem.m */; };
		52F8F3A718F5DD6B00BC7930 /* BNRItemStore.m in Sources */ = {isa = PBXBuildFile; fileRef = 52F8F3A618F5DD6B00BC7930 /* BNRItemStore.m */; };
/* End PBXBuildFile section */

/* Begin PBXContainerItemProxy section */
		52F8F38D18F5D61500BC7930 /* PBXContainerItemProxy */ = {
			isa = PBXContainerItemProxy;
			containerPortal = 52F8F36518F5D61500BC7930 /* Project object */;
			proxyType = 1;
			remoteGlobalIDString = 52F8F36C18F5D61500BC7930;
			remoteInfo = Homepwner;
		};
/* End PBXContainerItemProxy section */

/* Begin PBXFileReference section */
		52024A5918FF8C3400CE2B39 /* BNRItemCell.h */ = {isa = PBXFileReference; fileEncoding = 4; lastKnownFileType = sourcecode.c.h; path = BNRItemCell.h; sourceTree = "<group>"; };
		52024A5A18FF8C3400CE2B39 /* BNRItemCell.m */ = {isa = PBXFileReference; fileEncoding = 4; lastKnownFileType = sourcecode.c.objc; path = BNRItemCell.m; sourceTree = "<group>"; };
		52024A5C18FF8CAD00CE2B39 /* BNRItemCell.xib */ = {isa = PBXFileReference; fileEncoding = 4; lastKnownFileType = file.xib; name = BNRItemCell.xib; path = ../BNRItemCell.xib; sourceTree = "<group>"; };
		52DC8C2518F7660300C28E54 /* BNRDetailViewController.h */ = {isa = PBXFileReference; fileEncoding = 4; lastKnownFileType = sourcecode.c.h; name = BNRDetailViewController.h; path = ../BNRDetailViewController.h; sourceTree = "<group>"; };
		52DC8C2618F7660300C28E54 /* BNRDetailViewController.m */ = {isa = PBXFileReference; fileEncoding = 4; lastKnownFileType = sourcecode.c.objc; name = BNRDetailViewController.m; path = ../BNRDetailViewController.m; sourceTree = "<group>"; };
		52DC8C2718F7660300C28E54 /* BNRDetailViewController.xib */ = {isa = PBXFileReference; fileEncoding = 4; lastKnownFileType = file.xib; name = BNRDetailViewController.xib; path = ../BNRDetailViewController.xib; sourceTree = "<group>"; };
		52F0BDB11904DEC1004601FB /* BNRImageViewController.h */ = {isa = PBXFileReference; lastKnownFileType = sourcecode.c.h; name = BNRImageViewController.h; path = ../BNRImageViewController.h; sourceTree = "<group>"; };
		52F0BDB21904DEC1004601FB /* BNRImageViewController.m */ = {isa = PBXFileReference; lastKnownFileType = sourcecode.c.objc; name = BNRImageViewController.m; path = ../BNRImageViewController.m; sourceTree = "<group>"; };
		52F5FE8B18F86F4600571BF2 /* BNRImageStore.h */ = {isa = PBXFileReference; fileEncoding = 4; lastKnownFileType = sourcecode.c.h; path = BNRImageStore.h; sourceTree = "<group>"; };
		52F5FE8C18F86F4600571BF2 /* BNRImageStore.m */ = {isa = PBXFileReference; fileEncoding = 4; lastKnownFileType = sourcecode.c.objc; path = BNRImageStore.m; sourceTree = "<group>"; };
		52F8F36D18F5D61500BC7930 /* Homepwner.app */ = {isa = PBXFileReference; explicitFileType = wrapper.application; includeInIndex = 0; path = Homepwner.app; sourceTree = BUILT_PRODUCTS_DIR; };
		52F8F37018F5D61500BC7930 /* Foundation.framework */ = {isa = PBXFileReference; lastKnownFileType = wrapper.framework; name = Foundation.framework; path = System/Library/Frameworks/Foundation.framework; sourceTree = SDKROOT; };
		52F8F37218F5D61500BC7930 /* CoreGraphics.framework */ = {isa = PBXFileReference; lastKnownFileType = wrapper.framework; name = CoreGraphics.framework; path = System/Library/Frameworks/CoreGraphics.framework; sourceTree = SDKROOT; };
		52F8F37418F5D61500BC7930 /* UIKit.framework */ = {isa = PBXFileReference; lastKnownFileType = wrapper.framework; name = UIKit.framework; path = System/Library/Frameworks/UIKit.framework; sourceTree = SDKROOT; };
		52F8F37818F5D61500BC7930 /* Homepwner-Info.plist */ = {isa = PBXFileReference; lastKnownFileType = text.plist.xml; path = "Homepwner-Info.plist"; sourceTree = "<group>"; };
		52F8F37A18F5D61500BC7930 /* en */ = {isa = PBXFileReference; lastKnownFileType = text.plist.strings; name = en; path = en.lproj/InfoPlist.strings; sourceTree = "<group>"; };
		52F8F37C18F5D61500BC7930 /* main.m */ = {isa = PBXFileReference; lastKnownFileType = sourcecode.c.objc; path = main.m; sourceTree = "<group>"; };
		52F8F37E18F5D61500BC7930 /* Homepwner-Prefix.pch */ = {isa = PBXFileReference; lastKnownFileType = sourcecode.c.h; path = "Homepwner-Prefix.pch"; sourceTree = "<group>"; };
		52F8F37F18F5D61500BC7930 /* BNRAppDelegate.h */ = {isa = PBXFileReference; lastKnownFileType = sourcecode.c.h; path = BNRAppDelegate.h; sourceTree = "<group>"; };
		52F8F38018F5D61500BC7930 /* BNRAppDelegate.m */ = {isa = PBXFileReference; lastKnownFileType = sourcecode.c.objc; path = BNRAppDelegate.m; sourceTree = "<group>"; };
		52F8F38218F5D61500BC7930 /* Images.xcassets */ = {isa = PBXFileReference; lastKnownFileType = folder.assetcatalog; path = Images.xcassets; sourceTree = "<group>"; };
		52F8F38818F5D61500BC7930 /* HomepwnerTests.xctest */ = {isa = PBXFileReference; explicitFileType = wrapper.cfbundle; includeInIndex = 0; path = HomepwnerTests.xctest; sourceTree = BUILT_PRODUCTS_DIR; };
		52F8F38918F5D61500BC7930 /* XCTest.framework */ = {isa = PBXFileReference; lastKnownFileType = wrapper.framework; name = XCTest.framework; path = Library/Frameworks/XCTest.framework; sourceTree = DEVELOPER_DIR; };
		52F8F39118F5D61500BC7930 /* HomepwnerTests-Info.plist */ = {isa = PBXFileReference; lastKnownFileType = text.plist.xml; path = "HomepwnerTests-Info.plist"; sourceTree = "<group>"; };
		52F8F39318F5D61500BC7930 /* en */ = {isa = PBXFileReference; lastKnownFileType = text.plist.strings; name = en; path = en.lproj/InfoPlist.strings; sourceTree = "<group>"; };
		52F8F39518F5D61500BC7930 /* HomepwnerTests.m */ = {isa = PBXFileReference; lastKnownFileType = sourcecode.c.objc; path = HomepwnerTests.m; sourceTree = "<group>"; };
		52F8F39F18F5D8EE00BC7930 /* BNRItemsViewController.h */ = {isa = PBXFileReference; fileEncoding = 4; lastKnownFileType = sourcecode.c.h; path = BNRItemsViewController.h; sourceTree = "<group>"; };
		52F8F3A018F5D8EE00BC7930 /* BNRItemsViewController.m */ = {isa = PBXFileReference; fileEncoding = 4; lastKnownFileType = sourcecode.c.objc; path = BNRItemsViewController.m; sourceTree = "<group>"; };
		52F8F3A218F5DB4500BC7930 /* BNRItem.h */ = {isa = PBXFileReference; fileEncoding = 4; lastKnownFileType = sourcecode.c.h; path = BNRItem.h; sourceTree = "<group>"; };
		52F8F3A318F5DB4500BC7930 /* BNRItem.m */ = {isa = PBXFileReference; fileEncoding = 4; lastKnownFileType = sourcecode.c.objc; path = BNRItem.m; sourceTree = "<group>"; };
		52F8F3A518F5DD6B00BC7930 /* BNRItemStore.h */ = {isa = PBXFileReference; fileEncoding = 4; lastKnownFileType = sourcecode.c.h; path = BNRItemStore.h; sourceTree = "<group>"; };
		52F8F3A618F5DD6B00BC7930 /* BNRItemStore.m */ = {isa = PBXFileReference; fileEncoding = 4; lastKnownFileType = sourcecode.c.objc; path = BNRItemStore.m; sourceTree = "<group>"; };
/* End PBXFileReference section */

/* Begin PBXFrameworksBuildPhase section */
		52F8F36A18F5D61500BC7930 /* Frameworks */ = {
			isa = PBXFrameworksBuildPhase;
			buildActionMask = 2147483647;
			files = (
				52F8F37318F5D61500BC7930 /* CoreGraphics.framework in Frameworks */,
				52F8F37518F5D61500BC7930 /* UIKit.framework in Frameworks */,
				52F8F37118F5D61500BC7930 /* Foundation.framework in Frameworks */,
			);
			runOnlyForDeploymentPostprocessing = 0;
		};
		52F8F38518F5D61500BC7930 /* Frameworks */ = {
			isa = PBXFrameworksBuildPhase;
			buildActionMask = 2147483647;
			files = (
				52F8F38A18F5D61500BC7930 /* XCTest.framework in Frameworks */,
				52F8F38C18F5D61500BC7930 /* UIKit.framework in Frameworks */,
				52F8F38B18F5D61500BC7930 /* Foundation.framework in Frameworks */,
			);
			runOnlyForDeploymentPostprocessing = 0;
		};
/* End PBXFrameworksBuildPhase section */

/* Begin PBXGroup section */
		52F8F36418F5D61500BC7930 = {
			isa = PBXGroup;
			children = (
				52F8F37618F5D61500BC7930 /* Homepwner */,
				52F8F38F18F5D61500BC7930 /* HomepwnerTests */,
				52F8F36F18F5D61500BC7930 /* Frameworks */,
				52F8F36E18F5D61500BC7930 /* Products */,
			);
			sourceTree = "<group>";
		};
		52F8F36E18F5D61500BC7930 /* Products */ = {
			isa = PBXGroup;
			children = (
				52F8F36D18F5D61500BC7930 /* Homepwner.app */,
				52F8F38818F5D61500BC7930 /* HomepwnerTests.xctest */,
			);
			name = Products;
			sourceTree = "<group>";
		};
		52F8F36F18F5D61500BC7930 /* Frameworks */ = {
			isa = PBXGroup;
			children = (
				52F8F37018F5D61500BC7930 /* Foundation.framework */,
				52F8F37218F5D61500BC7930 /* CoreGraphics.framework */,
				52F8F37418F5D61500BC7930 /* UIKit.framework */,
				52F8F38918F5D61500BC7930 /* XCTest.framework */,
			);
			name = Frameworks;
			sourceTree = "<group>";
		};
		52F8F37618F5D61500BC7930 /* Homepwner */ = {
			isa = PBXGroup;
			children = (
				52024A5918FF8C3400CE2B39 /* BNRItemCell.h */,
				52F0BDB11904DEC1004601FB /* BNRImageViewController.h */,
				52F0BDB21904DEC1004601FB /* BNRImageViewController.m */,
				52024A5A18FF8C3400CE2B39 /* BNRItemCell.m */,
				52024A5C18FF8CAD00CE2B39 /* BNRItemCell.xib */,
				52DC8C2518F7660300C28E54 /* BNRDetailViewController.h */,
				52DC8C2618F7660300C28E54 /* BNRDetailViewController.m */,
				52F5FE8B18F86F4600571BF2 /* BNRImageStore.h */,
				52F5FE8C18F86F4600571BF2 /* BNRImageStore.m */,
				52DC8C2718F7660300C28E54 /* BNRDetailViewController.xib */,
				52F8F3A518F5DD6B00BC7930 /* BNRItemStore.h */,
				52F8F3A618F5DD6B00BC7930 /* BNRItemStore.m */,
				52F8F37F18F5D61500BC7930 /* BNRAppDelegate.h */,
				52F8F38018F5D61500BC7930 /* BNRAppDelegate.m */,
				52F8F39F18F5D8EE00BC7930 /* BNRItemsViewController.h */,
				52F8F3A018F5D8EE00BC7930 /* BNRItemsViewController.m */,
				52F8F3A218F5DB4500BC7930 /* BNRItem.h */,
				52F8F3A318F5DB4500BC7930 /* BNRItem.m */,
				52F8F38218F5D61500BC7930 /* Images.xcassets */,
				52F8F37718F5D61500BC7930 /* Supporting Files */,
			);
			path = Homepwner;
			sourceTree = "<group>";
		};
		52F8F37718F5D61500BC7930 /* Supporting Files */ = {
			isa = PBXGroup;
			children = (
				52F8F37818F5D61500BC7930 /* Homepwner-Info.plist */,
				52F8F37918F5D61500BC7930 /* InfoPlist.strings */,
				52F8F37C18F5D61500BC7930 /* main.m */,
				52F8F37E18F5D61500BC7930 /* Homepwner-Prefix.pch */,
			);
			name = "Supporting Files";
			sourceTree = "<group>";
		};
		52F8F38F18F5D61500BC7930 /* HomepwnerTests */ = {
			isa = PBXGroup;
			children = (
				52F8F39518F5D61500BC7930 /* HomepwnerTests.m */,
				52F8F39018F5D61500BC7930 /* Supporting Files */,
			);
			path = HomepwnerTests;
			sourceTree = "<group>";
		};
		52F8F39018F5D61500BC7930 /* Supporting Files */ = {
			isa = PBXGroup;
			children = (
				52F8F39118F5D61500BC7930 /* HomepwnerTests-Info.plist */,
				52F8F39218F5D61500BC7930 /* InfoPlist.strings */,
			);
			name = "Supporting Files";
			sourceTree = "<group>";
		};
/* End PBXGroup section */

/* Begin PBXNativeTarget section */
		52F8F36C18F5D61500BC7930 /* Homepwner */ = {
			isa = PBXNativeTarget;
			buildConfigurationList = 52F8F39918F5D61500BC7930 /* Build configuration list for PBXNativeTarget "Homepwner" */;
			buildPhases = (
				52F8F36918F5D61500BC7930 /* Sources */,
				52F8F36A18F5D61500BC7930 /* Frameworks */,
				52F8F36B18F5D61500BC7930 /* Resources */,
			);
			buildRules = (
			);
			dependencies = (
			);
			name = Homepwner;
			productName = Homepwner;
			productReference = 52F8F36D18F5D61500BC7930 /* Homepwner.app */;
			productType = "com.apple.product-type.application";
		};
		52F8F38718F5D61500BC7930 /* HomepwnerTests */ = {
			isa = PBXNativeTarget;
			buildConfigurationList = 52F8F39C18F5D61500BC7930 /* Build configuration list for PBXNativeTarget "HomepwnerTests" */;
			buildPhases = (
				52F8F38418F5D61500BC7930 /* Sources */,
				52F8F38518F5D61500BC7930 /* Frameworks */,
				52F8F38618F5D61500BC7930 /* Resources */,
			);
			buildRules = (
			);
			dependencies = (
				52F8F38E18F5D61500BC7930 /* PBXTargetDependency */,
			);
			name = HomepwnerTests;
			productName = HomepwnerTests;
			productReference = 52F8F38818F5D61500BC7930 /* HomepwnerTests.xctest */;
			productType = "com.apple.product-type.bundle.unit-test";
		};
/* End PBXNativeTarget section */

/* Begin PBXProject section */
		52F8F36518F5D61500BC7930 /* Project object */ = {
			isa = PBXProject;
			attributes = {
				CLASSPREFIX = BNR;
				LastUpgradeCheck = 0510;
				ORGANIZATIONNAME = Crescendo;
				TargetAttributes = {
					52F8F38718F5D61500BC7930 = {
						TestTargetID = 52F8F36C18F5D61500BC7930;
					};
				};
			};
			buildConfigurationList = 52F8F36818F5D61500BC7930 /* Build configuration list for PBXProject "Homepwner" */;
			compatibilityVersion = "Xcode 3.2";
			developmentRegion = English;
			hasScannedForEncodings = 0;
			knownRegions = (
				en,
			);
			mainGroup = 52F8F36418F5D61500BC7930;
			productRefGroup = 52F8F36E18F5D61500BC7930 /* Products */;
			projectDirPath = "";
			projectRoot = "";
			targets = (
				52F8F36C18F5D61500BC7930 /* Homepwner */,
				52F8F38718F5D61500BC7930 /* HomepwnerTests */,
			);
		};
/* End PBXProject section */

/* Begin PBXResourcesBuildPhase section */
		52F8F36B18F5D61500BC7930 /* Resources */ = {
			isa = PBXResourcesBuildPhase;
			buildActionMask = 2147483647;
			files = (
				52DC8C2918F7660300C28E54 /* BNRDetailViewController.xib in Resources */,
				52024A5D18FF8CAD00CE2B39 /* BNRItemCell.xib in Resources */,
				52F8F37B18F5D61500BC7930 /* InfoPlist.strings in Resources */,
				52F8F38318F5D61500BC7930 /* Images.xcassets in Resources */,
			);
			runOnlyForDeploymentPostprocessing = 0;
		};
		52F8F38618F5D61500BC7930 /* Resources */ = {
			isa = PBXResourcesBuildPhase;
			buildActionMask = 2147483647;
			files = (
				52F8F39418F5D61500BC7930 /* InfoPlist.strings in Resources */,
			);
			runOnlyForDeploymentPostprocessing = 0;
		};
/* End PBXResourcesBuildPhase section */

/* Begin PBXSourcesBuildPhase section */
		52F8F36918F5D61500BC7930 /* Sources */ = {
			isa = PBXSourcesBuildPhase;
			buildActionMask = 2147483647;
			files = (
				52DC8C2818F7660300C28E54 /* BNRDetailViewController.m in Sources */,
				52024A5B18FF8C3400CE2B39 /* BNRItemCell.m in Sources */,
				52F8F3A718F5DD6B00BC7930 /* BNRItemStore.m in Sources */,
				52F5FE8D18F86F4600571BF2 /* BNRImageStore.m in Sources */,
				52F8F3A118F5D8EE00BC7930 /* BNRItemsViewController.m in Sources */,
				52F8F3A418F5DB4500BC7930 /* BNRItem.m in Sources */,
				52F8F37D18F5D61500BC7930 /* main.m in Sources */,
				52F8F38118F5D61500BC7930 /* BNRAppDelegate.m in Sources */,
			);
			runOnlyForDeploymentPostprocessing = 0;
		};
		52F8F38418F5D61500BC7930 /* Sources */ = {
			isa = PBXSourcesBuildPhase;
			buildActionMask = 2147483647;
			files = (
				52F8F39618F5D61500BC7930 /* HomepwnerTests.m in Sources */,
			);
			runOnlyForDeploymentPostprocessing = 0;
		};
/* End PBXSourcesBuildPhase section */

/* Begin PBXTargetDependency section */
		52F8F38E18F5D61500BC7930 /* PBXTargetDependency */ = {
			isa = PBXTargetDependency;
			target = 52F8F36C18F5D61500BC7930 /* Homepwner */;
			targetProxy = 52F8F38D18F5D61500BC7930 /* PBXContainerItemProxy */;
		};
/* End PBXTargetDependency section */

/* Begin PBXVariantGroup section */
		52F8F37918F5D61500BC7930 /* InfoPlist.strings */ = {
			isa = PBXVariantGroup;
			children = (
				52F8F37A18F5D61500BC7930 /* en */,
			);
			name = InfoPlist.strings;
			sourceTree = "<group>";
		};
		52F8F39218F5D61500BC7930 /* InfoPlist.strings */ = {
			isa = PBXVariantGroup;
			children = (
				52F8F39318F5D61500BC7930 /* en */,
			);
			name = InfoPlist.strings;
			sourceTree = "<group>";
		};
/* End PBXVariantGroup section */

/* Begin XCBuildConfiguration section */
		52F8F39718F5D61500BC7930 /* Debug */ = {
			isa = XCBuildConfiguration;
			buildSettings = {
				ALWAYS_SEARCH_USER_PATHS = NO;
				CLANG_CXX_LANGUAGE_STANDARD = "gnu++0x";
				CLANG_CXX_LIBRARY = "libc++";
				CLANG_ENABLE_MODULES = YES;
				CLANG_ENABLE_OBJC_ARC = YES;
				CLANG_WARN_BOOL_CONVERSION = YES;
				CLANG_WARN_CONSTANT_CONVERSION = YES;
				CLANG_WARN_DIRECT_OBJC_ISA_USAGE = YES_ERROR;
				CLANG_WARN_EMPTY_BODY = YES;
				CLANG_WARN_ENUM_CONVERSION = YES;
				CLANG_WARN_INT_CONVERSION = YES;
				CLANG_WARN_OBJC_ROOT_CLASS = YES_ERROR;
				CLANG_WARN__DUPLICATE_METHOD_MATCH = YES;
				"CODE_SIGN_IDENTITY[sdk=iphoneos*]" = "iPhone Developer";
				COPY_PHASE_STRIP = NO;
				GCC_C_LANGUAGE_STANDARD = gnu99;
				GCC_DYNAMIC_NO_PIC = NO;
				GCC_OPTIMIZATION_LEVEL = 0;
				GCC_PREPROCESSOR_DEFINITIONS = (
					"DEBUG=1",
					"$(inherited)",
				);
				GCC_SYMBOLS_PRIVATE_EXTERN = NO;
				GCC_WARN_64_TO_32_BIT_CONVERSION = YES;
				GCC_WARN_ABOUT_RETURN_TYPE = YES_ERROR;
				GCC_WARN_UNDECLARED_SELECTOR = YES;
				GCC_WARN_UNINITIALIZED_AUTOS = YES_AGGRESSIVE;
				GCC_WARN_UNUSED_FUNCTION = YES;
				GCC_WARN_UNUSED_VARIABLE = YES;
				IPHONEOS_DEPLOYMENT_TARGET = 7.1;
				ONLY_ACTIVE_ARCH = YES;
				SDKROOT = iphoneos;
			};
			name = Debug;
		};
		52F8F39818F5D61500BC7930 /* Release */ = {
			isa = XCBuildConfiguration;
			buildSettings = {
				ALWAYS_SEARCH_USER_PATHS = NO;
				CLANG_CXX_LANGUAGE_STANDARD = "gnu++0x";
				CLANG_CXX_LIBRARY = "libc++";
				CLANG_ENABLE_MODULES = YES;
				CLANG_ENABLE_OBJC_ARC = YES;
				CLANG_WARN_BOOL_CONVERSION = YES;
				CLANG_WARN_CONSTANT_CONVERSION = YES;
				CLANG_WARN_DIRECT_OBJC_ISA_USAGE = YES_ERROR;
				CLANG_WARN_EMPTY_BODY = YES;
				CLANG_WARN_ENUM_CONVERSION = YES;
				CLANG_WARN_INT_CONVERSION = YES;
				CLANG_WARN_OBJC_ROOT_CLASS = YES_ERROR;
				CLANG_WARN__DUPLICATE_METHOD_MATCH = YES;
				"CODE_SIGN_IDENTITY[sdk=iphoneos*]" = "iPhone Developer";
				COPY_PHASE_STRIP = YES;
				ENABLE_NS_ASSERTIONS = NO;
				GCC_C_LANGUAGE_STANDARD = gnu99;
				GCC_WARN_64_TO_32_BIT_CONVERSION = YES;
				GCC_WARN_ABOUT_RETURN_TYPE = YES_ERROR;
				GCC_WARN_UNDECLARED_SELECTOR = YES;
				GCC_WARN_UNINITIALIZED_AUTOS = YES_AGGRESSIVE;
				GCC_WARN_UNUSED_FUNCTION = YES;
				GCC_WARN_UNUSED_VARIABLE = YES;
				IPHONEOS_DEPLOYMENT_TARGET = 7.1;
				SDKROOT = iphoneos;
				VALIDATE_PRODUCT = YES;
			};
			name = Release;
		};
		52F8F39A18F5D61500BC7930 /* Debug */ = {
			isa = XCBuildConfiguration;
			buildSettings = {
				ASSETCATALOG_COMPILER_APPICON_NAME = AppIcon;
				ASSETCATALOG_COMPILER_LAUNCHIMAGE_NAME = LaunchImage;
				GCC_PRECOMPILE_PREFIX_HEADER = YES;
				GCC_PREFIX_HEADER = "Homepwner/Homepwner-Prefix.pch";
				INFOPLIST_FILE = "Homepwner/Homepwner-Info.plist";
				IPHONEOS_DEPLOYMENT_TARGET = 7.1;
				PRODUCT_NAME = "$(TARGET_NAME)";
				TARGETED_DEVICE_FAMILY = "1,2";
				WRAPPER_EXTENSION = app;
			};
			name = Debug;
		};
		52F8F39B18F5D61500BC7930 /* Release */ = {
			isa = XCBuildConfiguration;
			buildSettings = {
				ASSETCATALOG_COMPILER_APPICON_NAME = AppIcon;
				ASSETCATALOG_COMPILER_LAUNCHIMAGE_NAME = LaunchImage;
				GCC_PRECOMPILE_PREFIX_HEADER = YES;
				GCC_PREFIX_HEADER = "Homepwner/Homepwner-Prefix.pch";
				INFOPLIST_FILE = "Homepwner/Homepwner-Info.plist";
				IPHONEOS_DEPLOYMENT_TARGET = 7.1;
				PRODUCT_NAME = "$(TARGET_NAME)";
				TARGETED_DEVICE_FAMILY = "1,2";
				WRAPPER_EXTENSION = app;
			};
			name = Release;
		};
		52F8F39D18F5D61500BC7930 /* Debug */ = {
			isa = XCBuildConfiguration;
			buildSettings = {
				BUNDLE_LOADER = "$(BUILT_PRODUCTS_DIR)/Homepwner.app/Homepwner";
				FRAMEWORK_SEARCH_PATHS = (
					"$(SDKROOT)/Developer/Library/Frameworks",
					"$(inherited)",
					"$(DEVELOPER_FRAMEWORKS_DIR)",
				);
				GCC_PRECOMPILE_PREFIX_HEADER = YES;
				GCC_PREFIX_HEADER = "Homepwner/Homepwner-Prefix.pch";
				GCC_PREPROCESSOR_DEFINITIONS = (
					"DEBUG=1",
					"$(inherited)",
				);
				INFOPLIST_FILE = "HomepwnerTests/HomepwnerTests-Info.plist";
				PRODUCT_NAME = "$(TARGET_NAME)";
				TEST_HOST = "$(BUNDLE_LOADER)";
				WRAPPER_EXTENSION = xctest;
			};
			name = Debug;
		};
		52F8F39E18F5D61500BC7930 /* Release */ = {
			isa = XCBuildConfiguration;
			buildSettings = {
				BUNDLE_LOADER = "$(BUILT_PRODUCTS_DIR)/Homepwner.app/Homepwner";
				FRAMEWORK_SEARCH_PATHS = (
					"$(SDKROOT)/Developer/Library/Frameworks",
					"$(inherited)",
					"$(DEVELOPER_FRAMEWORKS_DIR)",
				);
				GCC_PRECOMPILE_PREFIX_HEADER = YES;
				GCC_PREFIX_HEADER = "Homepwner/Homepwner-Prefix.pch";
				INFOPLIST_FILE = "HomepwnerTests/HomepwnerTests-Info.plist";
				PRODUCT_NAME = "$(TARGET_NAME)";
				TEST_HOST = "$(BUNDLE_LOADER)";
				WRAPPER_EXTENSION = xctest;
			};
			name = Release;
		};
/* End XCBuildConfiguration section */

/* Begin XCConfigurationList section */
		52F8F36818F5D61500BC7930 /* Build configuration list for PBXProject "Homepwner" */ = {
			isa = XCConfigurationList;
			buildConfigurations = (
				52F8F39718F5D61500BC7930 /* Debug */,
				52F8F39818F5D61500BC7930 /* Release */,
			);
			defaultConfigurationIsVisible = 0;
			defaultConfigurationName = Release;
		};
		52F8F39918F5D61500BC7930 /* Build configuration list for PBXNativeTarget "Homepwner" */ = {
			isa = XCConfigurationList;
			buildConfigurations = (
				52F8F39A18F5D61500BC7930 /* Debug */,
				52F8F39B18F5D61500BC7930 /* Release */,
			);
			defaultConfigurationIsVisible = 0;
			defaultConfigurationName = Release;
		};
		52F8F39C18F5D61500BC7930 /* Build configuration list for PBXNativeTarget "HomepwnerTests" */ = {
			isa = XCConfigurationList;
			buildConfigurations = (
				52F8F39D18F5D61500BC7930 /* Debug */,
				52F8F39E18F5D61500BC7930 /* Release */,
			);
			defaultConfigurationIsVisible = 0;
			defaultConfigurationName = Release;
		};
/* End XCConfigurationList section */
	};
	rootObject = 52F8F36518F5D61500BC7930 /* Project object */;
}
